PODS:
  - Flutter (1.0.0)
  - flutter_nfc_kit (2.0.0):
    - Flutter
  - nfc_manager (0.0.1):
    - Flutter

DEPENDENCIES:
  - Flutter (from `Flutter`)
  - flutter_nfc_kit (from `.symlinks/plugins/flutter_nfc_kit/ios`)
  - nfc_manager (from `.symlinks/plugins/nfc_manager/ios`)

EXTERNAL SOURCES:
  Flutter:
    :path: Flutter
  flutter_nfc_kit:
    :path: ".symlinks/plugins/flutter_nfc_kit/ios"
  nfc_manager:
    :path: ".symlinks/plugins/nfc_manager/ios"

SPEC CHECKSUMS:
  Flutter: e0871f40cf51350855a761d2e70bf5af5b9b5de7
  flutter_nfc_kit: 965c98c3fa68f5609f1cc89abb968fe1b8ffdbaa
  nfc_manager: d7da7cb781f7744b94df5fe9dbca904ac4a0939e

PODFILE CHECKSUM: 1959d098c91d8a792531a723c4a9d7e9f6a01e38

COCOAPODS: 1.15.2
